{
  "object": {
    "pins": [
      {
        "package": "SDWebImage",
        "repositoryURL": "https://github.com/SDWebImage/SDWebImage.git",
        "state": {
          "branch": null,
          "revision": "2de3a496eaf6df9a1312862adcfd54acd73c39c0",
          "version": "5.21.7"
        }
      },
      {
        "package": "SDWebImageSVGCoder",
        "repositoryURL": "https://github.com/SDWebImage/SDWebImageSVGCoder.git",
        "state": {
          "branch": null,
          "revision": "85b5d58ad02c207c496fa34426dc6560d6ae32f0",
          "version": "1.8.0"
        }
      },
      {
        "package": "Splash",
        "repositoryURL": "https://github.com/JohnSundell/Splash.git",
        "state": {
          "branch": null,
          "revision": "7f4df436eb78fe64fe2c32c58006e9949fa28ad8",
          "version": "0.16.0"
        }
      },
      {
        "package": "cmark-gfm",
        "repositoryURL": "https://github.com/swiftlang/swift-cmark.git",
        "state": {
          "branch": null,
          "revision": "924936d0427cb25a61169739a7660230bffa6ea6",
          "version": "0.8.0"
        }
      },
      {
        "package": "swift-markdown",
        "repositoryURL": "https://github.com/swiftlang/swift-markdown.git",
        "state": {
          "branch": null,
          "revision": "3c6f9523da3a1ec2fd829673e472d95b8097a3b8",
          "version": "0.8.0"
        }
      }
    ]
  },
  "version": 1
}
